
Microsoft Visual Studio Solution File, Format Version 12.00
# Visual Studio Version 17
VisualStudioVersion = 17.14.36429.23 d17.14
MinimumVisualStudioVersion = 10.0.40219.1
Project("{FAE04EC0-301F-11D3-BF4B-00C04F79EFBC}") = "Proyecto1.WebUI", "Proyecto1.WebUI\Proyecto1.WebUI.csproj", "{737F3B57-2A53-44A4-9055-0FA68E78CE18}"
EndProject
Global
	GlobalSection(SolutionConfigurationPlatforms) = preSolution
		Debug|Any CPU = Debug|Any CPU
		Release|Any CPU = Release|Any CPU
	EndGlobalSection
	GlobalSection(ProjectConfigurationPlatforms) = postSolution
		{737F3B57-2A53-44A4-9055-0FA68E78CE18}.Debug|Any CPU.ActiveCfg = Debug|Any CPU
		{737F3B57-2A53-44A4-9055-0FA68E78CE18}.Debug|Any CPU.Build.0 = Debug|Any CPU
		{737F3B57-2A53-44A4-9055-0FA68E78CE18}.Release|Any CPU.ActiveCfg = Release|Any CPU
		{737F3B57-2A53-44A4-9055-0FA68E78CE18}.Release|Any CPU.Build.0 = Release|Any CPU
	EndGlobalSection
	GlobalSection(SolutionProperties) = preSolution
		HideSolutionNode = FALSE
	EndGlobalSection
	GlobalSection(ExtensibilityGlobals) = postSolution
		SolutionGuid = {FB798960-632D-484D-AB0D-B34B4F88A3A9}
	EndGlobalSection
EndGlobal
